
Microsoft Visual Studio Solution File, Format Version 12.00
# Visual Studio Version 16
VisualStudioVersion = 16.0.29209.62
MinimumVisualStudioVersion = 10.0.40219.1
Project("{9A19103F-16F7-4668-BE54-9A1E7A4F7556}") = "MVC", "MVCtrythree\MVC.csproj", "{886DCE2E-95C8-42A3-9309-E5A9CE88FFBD}"
EndProject
Global
	GlobalSection(SolutionConfigurationPlatforms) = preSolution
		Debug|Any CPU = Debug|Any CPU
		Release|Any CPU = Release|Any CPU
	EndGlobalSection
	GlobalSection(ProjectConfigurationPlatforms) = postSolution
		{886DCE2E-95C8-42A3-9309-E5A9CE88FFBD}.Debug|Any CPU.ActiveCfg = Debug|Any CPU
		{886DCE2E-95C8-42A3-9309-E5A9CE88FFBD}.Debug|Any CPU.Build.0 = Debug|Any CPU
		{886DCE2E-95C8-42A3-9309-E5A9CE88FFBD}.Release|Any CPU.ActiveCfg = Release|Any CPU
		{886DCE2E-95C8-42A3-9309-E5A9CE88FFBD}.Release|Any CPU.Build.0 = Release|Any CPU
	EndGlobalSection
	GlobalSection(SolutionProperties) = preSolution
		HideSolutionNode = FALSE
	EndGlobalSection
	GlobalSection(ExtensibilityGlobals) = postSolution
		SolutionGuid = {7E9194DE-7FB9-4267-9370-64C5B8A8DDF2}
	EndGlobalSection
EndGlobal
